
Microsoft Visual Studio Solution File, Format Version 12.00
# Visual Studio Version 16
VisualStudioVersion = 16.0.31729.503
MinimumVisualStudioVersion = 10.0.40219.1
Project("{FAE04EC0-301F-11D3-BF4B-00C04F79EFBC}") = "Корректор ФЭС", "Корректор ФЭС.csproj", "{624C1E42-CC73-4C77-8328-8028F2E7818B}"
EndProject
Project("{2150E333-8FDC-42A3-9474-1A3956D46DE8}") = "Solution Items", "Solution Items", "{EAC94B7A-0E45-4D12-B8D7-4A2D863B53BB}"
	ProjectSection(SolutionItems) = preProject
		.editorconfig = .editorconfig
	EndProjectSection
EndProject
Global
	GlobalSection(SolutionConfigurationPlatforms) = preSolution
		Debug|Any CPU = Debug|Any CPU
		Release|Any CPU = Release|Any CPU
	EndGlobalSection
	GlobalSection(ProjectConfigurationPlatforms) = postSolution
		{624C1E42-CC73-4C77-8328-8028F2E7818B}.Debug|Any CPU.ActiveCfg = Debug|Any CPU
		{624C1E42-CC73-4C77-8328-8028F2E7818B}.Debug|Any CPU.Build.0 = Debug|Any CPU
		{624C1E42-CC73-4C77-8328-8028F2E7818B}.Release|Any CPU.ActiveCfg = Release|Any CPU
		{624C1E42-CC73-4C77-8328-8028F2E7818B}.Release|Any CPU.Build.0 = Release|Any CPU
	EndGlobalSection
	GlobalSection(SolutionProperties) = preSolution
		HideSolutionNode = FALSE
	EndGlobalSection
	GlobalSection(ExtensibilityGlobals) = postSolution
		SolutionGuid = {0E83B70F-550C-4C3F-BF21-874A14B2C207}
	EndGlobalSection
EndGlobal
